
Microsoft Visual Studio Solution File, Format Version 12.00
Project("{FAE04EC0-301F-11D3-BF4B-00C04F79EFBC}") = "Services", "Services\Services.csproj", "{DDC88034-E61E-4CD6-AEF3-B3E6CBBC2744}"
EndProject
Project("{FAE04EC0-301F-11D3-BF4B-00C04F79EFBC}") = "Entities", "Entities\Entities.csproj", "{21BF18E2-6B5F-416C-8B76-B321D58557F2}"
EndProject
Global
	GlobalSection(SolutionConfigurationPlatforms) = preSolution
		Debug|Any CPU = Debug|Any CPU
		Release|Any CPU = Release|Any CPU
	EndGlobalSection
	GlobalSection(ProjectConfigurationPlatforms) = postSolution
		{DDC88034-E61E-4CD6-AEF3-B3E6CBBC2744}.Debug|Any CPU.ActiveCfg = Debug|Any CPU
		{DDC88034-E61E-4CD6-AEF3-B3E6CBBC2744}.Debug|Any CPU.Build.0 = Debug|Any CPU
		{DDC88034-E61E-4CD6-AEF3-B3E6CBBC2744}.Release|Any CPU.ActiveCfg = Release|Any CPU
		{DDC88034-E61E-4CD6-AEF3-B3E6CBBC2744}.Release|Any CPU.Build.0 = Release|Any CPU
		{21BF18E2-6B5F-416C-8B76-B321D58557F2}.Debug|Any CPU.ActiveCfg = Debug|Any CPU
		{21BF18E2-6B5F-416C-8B76-B321D58557F2}.Debug|Any CPU.Build.0 = Debug|Any CPU
		{21BF18E2-6B5F-416C-8B76-B321D58557F2}.Release|Any CPU.ActiveCfg = Release|Any CPU
		{21BF18E2-6B5F-416C-8B76-B321D58557F2}.Release|Any CPU.Build.0 = Release|Any CPU
	EndGlobalSection
EndGlobal
